
Microsoft Visual Studio Solution File, Format Version 12.00
# Visual Studio Version 17
VisualStudioVersion = 17.13.35825.156 d17.13
MinimumVisualStudioVersion = 10.0.40219.1
Project("{FAE04EC0-301F-11D3-BF4B-00C04F79EFBC}") = "OTPServer.API", "OTPServer.API\OTPServer.API.csproj", "{D9469F1E-8E9A-410E-94E5-7537C4CCB7A1}"
EndProject
Project("{FAE04EC0-301F-11D3-BF4B-00C04F79EFBC}") = "OTPServer.Domain", "OTPServer.Domain\OTPServer.Domain.csproj", "{C03C169F-6EA7-4F00-AA6E-2ADA372846D0}"
EndProject
Project("{FAE04EC0-301F-11D3-BF4B-00C04F79EFBC}") = "OTPServer.Business", "OTPServer.Business\OTPServer.Business.csproj", "{1E2674F6-D83E-4C61-8541-41F850F2873B}"
EndProject
Project("{FAE04EC0-301F-11D3-BF4B-00C04F79EFBC}") = "OTPServer.UnitTest", "OTPServer.UnitTest\OTPServer.UnitTest.csproj", "{B4DCE54F-57A2-4BA4-8642-ECBC6143A563}"
EndProject
Global
	GlobalSection(SolutionConfigurationPlatforms) = preSolution
		Debug|Any CPU = Debug|Any CPU
		Release|Any CPU = Release|Any CPU
	EndGlobalSection
	GlobalSection(ProjectConfigurationPlatforms) = postSolution
		{D9469F1E-8E9A-410E-94E5-7537C4CCB7A1}.Debug|Any CPU.ActiveCfg = Debug|Any CPU
		{D9469F1E-8E9A-410E-94E5-7537C4CCB7A1}.Debug|Any CPU.Build.0 = Debug|Any CPU
		{D9469F1E-8E9A-410E-94E5-7537C4CCB7A1}.Release|Any CPU.ActiveCfg = Release|Any CPU
		{D9469F1E-8E9A-410E-94E5-7537C4CCB7A1}.Release|Any CPU.Build.0 = Release|Any CPU
		{C03C169F-6EA7-4F00-AA6E-2ADA372846D0}.Debug|Any CPU.ActiveCfg = Debug|Any CPU
		{C03C169F-6EA7-4F00-AA6E-2ADA372846D0}.Debug|Any CPU.Build.0 = Debug|Any CPU
		{C03C169F-6EA7-4F00-AA6E-2ADA372846D0}.Release|Any CPU.ActiveCfg = Release|Any CPU
		{C03C169F-6EA7-4F00-AA6E-2ADA372846D0}.Release|Any CPU.Build.0 = Release|Any CPU
		{1E2674F6-D83E-4C61-8541-41F850F2873B}.Debug|Any CPU.ActiveCfg = Debug|Any CPU
		{1E2674F6-D83E-4C61-8541-41F850F2873B}.Debug|Any CPU.Build.0 = Debug|Any CPU
		{1E2674F6-D83E-4C61-8541-41F850F2873B}.Release|Any CPU.ActiveCfg = Release|Any CPU
		{1E2674F6-D83E-4C61-8541-41F850F2873B}.Release|Any CPU.Build.0 = Release|Any CPU
		{B4DCE54F-57A2-4BA4-8642-ECBC6143A563}.Debug|Any CPU.ActiveCfg = Debug|Any CPU
		{B4DCE54F-57A2-4BA4-8642-ECBC6143A563}.Debug|Any CPU.Build.0 = Debug|Any CPU
		{B4DCE54F-57A2-4BA4-8642-ECBC6143A563}.Release|Any CPU.ActiveCfg = Release|Any CPU
		{B4DCE54F-57A2-4BA4-8642-ECBC6143A563}.Release|Any CPU.Build.0 = Release|Any CPU
	EndGlobalSection
	GlobalSection(SolutionProperties) = preSolution
		HideSolutionNode = FALSE
	EndGlobalSection
	GlobalSection(ExtensibilityGlobals) = postSolution
		SolutionGuid = {0E1CA563-D4A2-4A8A-9474-EF6E6D6E72A3}
	EndGlobalSection
EndGlobal
